// !$*UTF8*$!
{
	archiveVersion = 1;
	classes = {
	};
	objectVersion = 55;
	objects = {

/* Begin PBXBuildFile section */
		18CD36B5275516D200DF4CCC /* AppDelegate.swift in Sources */ = {isa = PBXBuildFile; fileRef = 18CD36B4275516D200DF4CCC /* AppDelegate.swift */; };
		18CD36B7275516D200DF4CCC /* SceneDelegate.swift in Sources */ = {isa = PBXBuildFile; fileRef = 18CD36B6275516D200DF4CCC /* SceneDelegate.swift */; };
		18CD36B9275516D200DF4CCC /* ViewController.swift in Sources */ = {isa = PBXBuildFile; fileRef = 18CD36B8275516D200DF4CCC /* ViewController.swift */; };
		18CD36BC275516D200DF4CCC /* Main.storyboard in Resources */ = {isa = PBXBuildFile; fileRef = 18CD36BA275516D200DF4CCC /* Main.storyboard */; };
		18CD36BF275516D200DF4CCC /* Instagram_basic_display_API.xcdatamodeld in Sources */ = {isa = PBXBuildFile; fileRef = 18CD36BD275516D200DF4CCC /* Instagram_basic_display_API.xcdatamodeld */; };
		18CD36C1275516D400DF4CCC /* Assets.xcassets in Resources */ = {isa = PBXBuildFile; fileRef = 18CD36C0275516D400DF4CCC /* Assets.xcassets */; };
		18CD36C4275516D400DF4CCC /* LaunchScreen.storyboard in Resources */ = {isa = PBXBuildFile; fileRef = 18CD36C2275516D400DF4CCC /* LaunchScreen.storyboard */; };
		18CD37122756493900DF4CCC /* InstagramApi.swift in Sources */ = {isa = PBXBuildFile; fileRef = 18CD37112756493900DF4CCC /* InstagramApi.swift */; };
		18CD371427564C2C00DF4CCC /* InstagramResponse.swift in Sources */ = {isa = PBXBuildFile; fileRef = 18CD371327564C2C00DF4CCC /* InstagramResponse.swift */; };
		18CD371627566E0A00DF4CCC /* WebViewController.swift in Sources */ = {isa = PBXBuildFile; fileRef = 18CD371527566E0A00DF4CCC /* WebViewController.swift */; };
		4AF0D1CC4E686D67E4776F47 /* Pods_Instagram_basic_display_API.framework in Frameworks */ = {isa = PBXBuildFile; fileRef = 1057777478632E6883FFEFA3 /* Pods_Instagram_basic_display_API.framework */; };
/* End PBXBuildFile section */

/* Begin PBXFileReference section */
		1057777478632E6883FFEFA3 /* Pods_Instagram_basic_display_API.framework */ = {isa = PBXFileReference; explicitFileType = wrapper.framework; includeInIndex = 0; path = Pods_Instagram_basic_display_API.framework; sourceTree = BUILT_PRODUCTS_DIR; };
		18CD36B1275516D200DF4CCC /* Instagram basic display API.app */ = {isa = PBXFileReference; explicitFileType = wrapper.application; includeInIndex = 0; path = "Instagram basic display API.app"; sourceTree = BUILT_PRODUCTS_DIR; };
		18CD36B4275516D200DF4CCC /* AppDelegate.swift */ = {isa = PBXFileReference; lastKnownFileType = sourcecode.swift; path = AppDelegate.swift; sourceTree = "<group>"; };
		18CD36B6275516D200DF4CCC /* SceneDelegate.swift */ = {isa = PBXFileReference; lastKnownFileType = sourcecode.swift; path = SceneDelegate.swift; sourceTree = "<group>"; };
		18CD36B8275516D200DF4CCC /* ViewController.swift */ = {isa = PBXFileReference; lastKnownFileType = sourcecode.swift; path = ViewController.swift; sourceTree = "<group>"; };
		18CD36BB275516D200DF4CCC /* Base */ = {isa = PBXFileReference; lastKnownFileType = file.storyboard; name = Base; path = Base.lproj/Main.storyboard; sourceTree = "<group>"; };
		18CD36BE275516D200DF4CCC /* Instagram_basic_display_API.xcdatamodel */ = {isa = PBXFileReference; lastKnownFileType = wrapper.xcdatamodel; path = Instagram_basic_display_API.xcdatamodel; sourceTree = "<group>"; };
		18CD36C0275516D400DF4CCC /* Assets.xcassets */ = {isa = PBXFileReference; lastKnownFileType = folder.assetcatalog; path = Assets.xcassets; sourceTree = "<group>"; };
		18CD36C3275516D400DF4CCC /* Base */ = {isa = PBXFileReference; lastKnownFileType = file.storyboard; name = Base; path = Base.lproj/LaunchScreen.storyboard; sourceTree = "<group>"; };
		18CD36C5275516D400DF4CCC /* Info.plist */ = {isa = PBXFileReference; lastKnownFileType = text.plist.xml; path = Info.plist; sourceTree = "<group>"; };
		18CD37112756493900DF4CCC /* InstagramApi.swift */ = {isa = PBXFileReference; lastKnownFileType = sourcecode.swift; path = InstagramApi.swift; sourceTree = "<group>"; };
		18CD371327564C2C00DF4CCC /* InstagramResponse.swift */ = {isa = PBXFileReference; lastKnownFileType = sourcecode.swift; path = InstagramResponse.swift; sourceTree = "<group>"; };
		18CD371527566E0A00DF4CCC /* WebViewController.swift */ = {isa = PBXFileReference; lastKnownFileType = sourcecode.swift; path = WebViewController.swift; sourceTree = "<group>"; };
		E91BB1D9E722C3F27A0BCC24 /* Pods-Instagram basic display API.debug.xcconfig */ = {isa = PBXFileReference; includeInIndex = 1; lastKnownFileType = text.xcconfig; name = "Pods-Instagram basic display API.debug.xcconfig"; path = "Target Support Files/Pods-Instagram basic display API/Pods-Instagram basic display API.debug.xcconfig"; sourceTree = "<group>"; };
		FF75A4504EACC09378AF4D2A /* Pods-Instagram basic display API.release.xcconfig */ = {isa = PBXFileReference; includeInIndex = 1; lastKnownFileType = text.xcconfig; name = "Pods-Instagram basic display API.release.xcconfig"; path = "Target Support Files/Pods-Instagram basic display API/Pods-Instagram basic display API.release.xcconfig"; sourceTree = "<group>"; };
/* End PBXFileReference section */

/* Begin PBXFrameworksBuildPhase section */
		18CD36AE275516D200DF4CCC /* Frameworks */ = {
			isa = PBXFrameworksBuildPhase;
			buildActionMask = 2147483647;
			files = (
				4AF0D1CC4E686D67E4776F47 /* Pods_Instagram_basic_display_API.framework in Frameworks */,
			);
			runOnlyForDeploymentPostprocessing = 0;
		};
/* End PBXFrameworksBuildPhase section */

/* Begin PBXGroup section */
		18CD36A8275516D200DF4CCC = {
			isa = PBXGroup;
			children = (
				18CD36B3275516D200DF4CCC /* Instagram basic display API */,
				18CD36B2275516D200DF4CCC /* Products */,
				90F5259008804A0E3E250965 /* Pods */,
				668812C8648E3E41834F02C0 /* Frameworks */,
			);
			sourceTree = "<group>";
		};
		18CD36B2275516D200DF4CCC /* Products */ = {
			isa = PBXGroup;
			children = (
				18CD36B1275516D200DF4CCC /* Instagram basic display API.app */,
			);
			name = Products;
			sourceTree = "<group>";
		};
		18CD36B3275516D200DF4CCC /* Instagram basic display API */ = {
			isa = PBXGroup;
			children = (
				18CD36B4275516D200DF4CCC /* AppDelegate.swift */,
				18CD36B6275516D200DF4CCC /* SceneDelegate.swift */,
				18CD37112756493900DF4CCC /* InstagramApi.swift */,
				18CD371527566E0A00DF4CCC /* WebViewController.swift */,
				18CD371327564C2C00DF4CCC /* InstagramResponse.swift */,
				18CD36B8275516D200DF4CCC /* ViewController.swift */,
				18CD36BA275516D200DF4CCC /* Main.storyboard */,
				18CD36C0275516D400DF4CCC /* Assets.xcassets */,
				18CD36C2275516D400DF4CCC /* LaunchScreen.storyboard */,
				18CD36C5275516D400DF4CCC /* Info.plist */,
				18CD36BD275516D200DF4CCC /* Instagram_basic_display_API.xcdatamodeld */,
			);
			path = "Instagram basic display API";
			sourceTree = "<group>";
		};
		668812C8648E3E41834F02C0 /* Frameworks */ = {
			isa = PBXGroup;
			children = (
				1057777478632E6883FFEFA3 /* Pods_Instagram_basic_display_API.framework */,
			);
			name = Frameworks;
			sourceTree = "<group>";
		};
		90F5259008804A0E3E250965 /* Pods */ = {
			isa = PBXGroup;
			children = (
				E91BB1D9E722C3F27A0BCC24 /* Pods-Instagram basic display API.debug.xcconfig */,
				FF75A4504EACC09378AF4D2A /* Pods-Instagram basic display API.release.xcconfig */,
			);
			path = Pods;
			sourceTree = "<group>";
		};
/* End PBXGroup section */

/* Begin PBXNativeTarget section */
		18CD36B0275516D200DF4CCC /* Instagram basic display API */ = {
			isa = PBXNativeTarget;
			buildConfigurationList = 18CD36C8275516D400DF4CCC /* Build configuration list for PBXNativeTarget "Instagram basic display API" */;
			buildPhases = (
				EF29A3B70432D38CCE7AEF35 /* [CP] Check Pods Manifest.lock */,
				18CD36AD275516D200DF4CCC /* Sources */,
				18CD36AE275516D200DF4CCC /* Frameworks */,
				18CD36AF275516D200DF4CCC /* Resources */,
				7CC6397A56202692FDDC1C79 /* [CP] Embed Pods Frameworks */,
			);
			buildRules = (
			);
			dependencies = (
			);
			name = "Instagram basic display API";
			productName = "Instagram basic display API";
			productReference = 18CD36B1275516D200DF4CCC /* Instagram basic display API.app */;
			productType = "com.apple.product-type.application";
		};
/* End PBXNativeTarget section */

/* Begin PBXProject section */
		18CD36A9275516D200DF4CCC /* Project object */ = {
			isa = PBXProject;
			attributes = {
				BuildIndependentTargetsInParallel = 1;
				LastSwiftUpdateCheck = 1310;
				LastUpgradeCheck = 1310;
				TargetAttributes = {
					18CD36B0275516D200DF4CCC = {
						CreatedOnToolsVersion = 13.1;
					};
				};
			};
			buildConfigurationList = 18CD36AC275516D200DF4CCC /* Build configuration list for PBXProject "Instagram basic display API" */;
			compatibilityVersion = "Xcode 13.0";
			developmentRegion = en;
			hasScannedForEncodings = 0;
			knownRegions = (
				en,
				Base,
			);
			mainGroup = 18CD36A8275516D200DF4CCC;
			productRefGroup = 18CD36B2275516D200DF4CCC /* Products */;
			projectDirPath = "";
			projectRoot = "";
			targets = (
				18CD36B0275516D200DF4CCC /* Instagram basic display API */,
			);
		};
/* End PBXProject section */

/* Begin PBXResourcesBuildPhase section */
		18CD36AF275516D200DF4CCC /* Resources */ = {
			isa = PBXResourcesBuildPhase;
			buildActionMask = 2147483647;
			files = (
				18CD36C4275516D400DF4CCC /* LaunchScreen.storyboard in Resources */,
				18CD36C1275516D400DF4CCC /* Assets.xcassets in Resources */,
				18CD36BC275516D200DF4CCC /* Main.storyboard in Resources */,
			);
			runOnlyForDeploymentPostprocessing = 0;
		};
/* End PBXResourcesBuildPhase section */

/* Begin PBXShellScriptBuildPhase section */
		7CC6397A56202692FDDC1C79 /* [CP] Embed Pods Frameworks */ = {
			isa = PBXShellScriptBuildPhase;
			buildActionMask = 2147483647;
			files = (
			);
			inputFileListPaths = (
				"${PODS_ROOT}/Target Support Files/Pods-Instagram basic display API/Pods-Instagram basic display API-frameworks-${CONFIGURATION}-input-files.xcfilelist",
			);
			name = "[CP] Embed Pods Frameworks";
			outputFileListPaths = (
				"${PODS_ROOT}/Target Support Files/Pods-Instagram basic display API/Pods-Instagram basic display API-frameworks-${CONFIGURATION}-output-files.xcfilelist",
			);
			runOnlyForDeploymentPostprocessing = 0;
			shellPath = /bin/sh;
			shellScript = "\"${PODS_ROOT}/Target Support Files/Pods-Instagram basic display API/Pods-Instagram basic display API-frameworks.sh\"\n";
			showEnvVarsInLog = 0;
		};
		EF29A3B70432D38CCE7AEF35 /* [CP] Check Pods Manifest.lock */ = {
			isa = PBXShellScriptBuildPhase;
			buildActionMask = 2147483647;
			files = (
			);
			inputFileListPaths = (
			);
			inputPaths = (
				"${PODS_PODFILE_DIR_PATH}/Podfile.lock",
				"${PODS_ROOT}/Manifest.lock",
			);
			name = "[CP] Check Pods Manifest.lock";
			outputFileListPaths = (
			);
			outputPaths = (
				"$(DERIVED_FILE_DIR)/Pods-Instagram basic display API-checkManifestLockResult.txt",
			);
			runOnlyForDeploymentPostprocessing = 0;
			shellPath = /bin/sh;
			shellScript = "diff \"${PODS_PODFILE_DIR_PATH}/Podfile.lock\" \"${PODS_ROOT}/Manifest.lock\" > /dev/null\nif [ $? != 0 ] ; then\n    # print error to STDERR\n    echo \"error: The sandbox is not in sync with the Podfile.lock. Run 'pod install' or update your CocoaPods installation.\" >&2\n    exit 1\nfi\n# This output is used by Xcode 'outputs' to avoid re-running this script phase.\necho \"SUCCESS\" > \"${SCRIPT_OUTPUT_FILE_0}\"\n";
			showEnvVarsInLog = 0;
		};
/* End PBXShellScriptBuildPhase section */

/* Begin PBXSourcesBuildPhase section */
		18CD36AD275516D200DF4CCC /* Sources */ = {
			isa = PBXSourcesBuildPhase;
			buildActionMask = 2147483647;
			files = (
				18CD37122756493900DF4CCC /* InstagramApi.swift in Sources */,
				18CD36B9275516D200DF4CCC /* ViewController.swift in Sources */,
				18CD36BF275516D200DF4CCC /* Instagram_basic_display_API.xcdatamodeld in Sources */,
				18CD36B5275516D200DF4CCC /* AppDelegate.swift in Sources */,
				18CD371627566E0A00DF4CCC /* WebViewController.swift in Sources */,
				18CD36B7275516D200DF4CCC /* SceneDelegate.swift in Sources */,
				18CD371427564C2C00DF4CCC /* InstagramResponse.swift in Sources */,
			);
			runOnlyForDeploymentPostprocessing = 0;
		};
/* End PBXSourcesBuildPhase section */

/* Begin PBXVariantGroup section */
		18CD36BA275516D200DF4CCC /* Main.storyboard */ = {
			isa = PBXVariantGroup;
			children = (
				18CD36BB275516D200DF4CCC /* Base */,
			);
			name = Main.storyboard;
			sourceTree = "<group>";
		};
		18CD36C2275516D400DF4CCC /* LaunchScreen.storyboard */ = {
			isa = PBXVariantGroup;
			children = (
				18CD36C3275516D400DF4CCC /* Base */,
			);
			name = LaunchScreen.storyboard;
			sourceTree = "<group>";
		};
/* End PBXVariantGroup section */

/* Begin XCBuildConfiguration section */
		18CD36C6275516D400DF4CCC /* Debug */ = {
			isa = XCBuildConfiguration;
			buildSettings = {
				ALWAYS_SEARCH_USER_PATHS = NO;
				CLANG_ANALYZER_NONNULL = YES;
				CLANG_ANALYZER_NUMBER_OBJECT_CONVERSION = YES_AGGRESSIVE;
				CLANG_CXX_LANGUAGE_STANDARD = "gnu++17";
				CLANG_CXX_LIBRARY = "libc++";
				CLANG_ENABLE_MODULES = YES;
				CLANG_ENABLE_OBJC_ARC = YES;
				CLANG_ENABLE_OBJC_WEAK = YES;
				CLANG_WARN_BLOCK_CAPTURE_AUTORELEASING = YES;
				CLANG_WARN_BOOL_CONVERSION = YES;
				CLANG_WARN_COMMA = YES;
				CLANG_WARN_CONSTANT_CONVERSION = YES;
				CLANG_WARN_DEPRECATED_OBJC_IMPLEMENTATIONS = YES;
				CLANG_WARN_DIRECT_OBJC_ISA_USAGE = YES_ERROR;
				CLANG_WARN_DOCUMENTATION_COMMENTS = YES;
				CLANG_WARN_EMPTY_BODY = YES;
				CLANG_WARN_ENUM_CONVERSION = YES;
				CLANG_WARN_INFINITE_RECURSION = YES;
				CLANG_WARN_INT_CONVERSION = YES;
				CLANG_WARN_NON_LITERAL_NULL_CONVERSION = YES;
				CLANG_WARN_OBJC_IMPLICIT_RETAIN_SELF = YES;
				CLANG_WARN_OBJC_LITERAL_CONVERSION = YES;
				CLANG_WARN_OBJC_ROOT_CLASS = YES_ERROR;
				CLANG_WARN_QUOTED_INCLUDE_IN_FRAMEWORK_HEADER = YES;
				CLANG_WARN_RANGE_LOOP_ANALYSIS = YES;
				CLANG_WARN_STRICT_PROTOTYPES = YES;
				CLANG_WARN_SUSPICIOUS_MOVE = YES;
				CLANG_WARN_UNGUARDED_AVAILABILITY = YES_AGGRESSIVE;
				CLANG_WARN_UNREACHABLE_CODE = YES;
				CLANG_WARN__DUPLICATE_METHOD_MATCH = YES;
				COPY_PHASE_STRIP = NO;
				DEBUG_INFORMATION_FORMAT = dwarf;
				ENABLE_STRICT_OBJC_MSGSEND = YES;
				ENABLE_TESTABILITY = YES;
				GCC_C_LANGUAGE_STANDARD = gnu11;
				GCC_DYNAMIC_NO_PIC = NO;
				GCC_NO_COMMON_BLOCKS = YES;
				GCC_OPTIMIZATION_LEVEL = 0;
				GCC_PREPROCESSOR_DEFINITIONS = (
					"DEBUG=1",
					"$(inherited)",
				);
				GCC_WARN_64_TO_32_BIT_CONVERSION = YES;
				GCC_WARN_ABOUT_RETURN_TYPE = YES_ERROR;
				GCC_WARN_UNDECLARED_SELECTOR = YES;
				GCC_WARN_UNINITIALIZED_AUTOS = YES_AGGRESSIVE;
				GCC_WARN_UNUSED_FUNCTION = YES;
				GCC_WARN_UNUSED_VARIABLE = YES;
				IPHONEOS_DEPLOYMENT_TARGET = 15.0;
				MTL_ENABLE_DEBUG_INFO = INCLUDE_SOURCE;
				MTL_FAST_MATH = YES;
				ONLY_ACTIVE_ARCH = YES;
				SDKROOT = iphoneos;
				SWIFT_ACTIVE_COMPILATION_CONDITIONS = DEBUG;
				SWIFT_OPTIMIZATION_LEVEL = "-Onone";
			};
			name = Debug;
		};
		18CD36C7275516D400DF4CCC /* Release */ = {
			isa = XCBuildConfiguration;
			buildSettings = {
				ALWAYS_SEARCH_USER_PATHS = NO;
				CLANG_ANALYZER_NONNULL = YES;
				CLANG_ANALYZER_NUMBER_OBJECT_CONVERSION = YES_AGGRESSIVE;
				CLANG_CXX_LANGUAGE_STANDARD = "gnu++17";
				CLANG_CXX_LIBRARY = "libc++";
				CLANG_ENABLE_MODULES = YES;
				CLANG_ENABLE_OBJC_ARC = YES;
				CLANG_ENABLE_OBJC_WEAK = YES;
				CLANG_WARN_BLOCK_CAPTURE_AUTORELEASING = YES;
				CLANG_WARN_BOOL_CONVERSION = YES;
				CLANG_WARN_COMMA = YES;
				CLANG_WARN_CONSTANT_CONVERSION = YES;
				CLANG_WARN_DEPRECATED_OBJC_IMPLEMENTATIONS = YES;
				CLANG_WARN_DIRECT_OBJC_ISA_USAGE = YES_ERROR;
				CLANG_WARN_DOCUMENTATION_COMMENTS = YES;
				CLANG_WARN_EMPTY_BODY = YES;
				CLANG_WARN_ENUM_CONVERSION = YES;
				CLANG_WARN_INFINITE_RECURSION = YES;
				CLANG_WARN_INT_CONVERSION = YES;
				CLANG_WARN_NON_LITERAL_NULL_CONVERSION = YES;
				CLANG_WARN_OBJC_IMPLICIT_RETAIN_SELF = YES;
				CLANG_WARN_OBJC_LITERAL_CONVERSION = YES;
				CLANG_WARN_OBJC_ROOT_CLASS = YES_ERROR;
				CLANG_WARN_QUOTED_INCLUDE_IN_FRAMEWORK_HEADER = YES;
				CLANG_WARN_RANGE_LOOP_ANALYSIS = YES;
				CLANG_WARN_STRICT_PROTOTYPES = YES;
				CLANG_WARN_SUSPICIOUS_MOVE = YES;
				CLANG_WARN_UNGUARDED_AVAILABILITY = YES_AGGRESSIVE;
				CLANG_WARN_UNREACHABLE_CODE = YES;
				CLANG_WARN__DUPLICATE_METHOD_MATCH = YES;
				COPY_PHASE_STRIP = NO;
				DEBUG_INFORMATION_FORMAT = "dwarf-with-dsym";
				ENABLE_NS_ASSERTIONS = NO;
				ENABLE_STRICT_OBJC_MSGSEND = YES;
				GCC_C_LANGUAGE_STANDARD = gnu11;
				GCC_NO_COMMON_BLOCKS = YES;
				GCC_WARN_64_TO_32_BIT_CONVERSION = YES;
				GCC_WARN_ABOUT_RETURN_TYPE = YES_ERROR;
				GCC_WARN_UNDECLARED_SELECTOR = YES;
				GCC_WARN_UNINITIALIZED_AUTOS = YES_AGGRESSIVE;
				GCC_WARN_UNUSED_FUNCTION = YES;
				GCC_WARN_UNUSED_VARIABLE = YES;
				IPHONEOS_DEPLOYMENT_TARGET = 15.0;
				MTL_ENABLE_DEBUG_INFO = NO;
				MTL_FAST_MATH = YES;
				SDKROOT = iphoneos;
				SWIFT_COMPILATION_MODE = wholemodule;
				SWIFT_OPTIMIZATION_LEVEL = "-O";
				VALIDATE_PRODUCT = YES;
			};
			name = Release;
		};
		18CD36C9275516D400DF4CCC /* Debug */ = {
			isa = XCBuildConfiguration;
			baseConfigurationReference = E91BB1D9E722C3F27A0BCC24 /* Pods-Instagram basic display API.debug.xcconfig */;
			buildSettings = {
				ASSETCATALOG_COMPILER_APPICON_NAME = AppIcon;
				ASSETCATALOG_COMPILER_GLOBAL_ACCENT_COLOR_NAME = AccentColor;
				CODE_SIGN_STYLE = Automatic;
				CURRENT_PROJECT_VERSION = 1;
				DEVELOPMENT_TEAM = RRAQ4U897N;
				GENERATE_INFOPLIST_FILE = YES;
				INFOPLIST_FILE = "Instagram basic display API/Info.plist";
				INFOPLIST_KEY_CFBundleDisplayName = InstAPI;
				INFOPLIST_KEY_UIApplicationSupportsIndirectInputEvents = YES;
				INFOPLIST_KEY_UILaunchStoryboardName = LaunchScreen;
				INFOPLIST_KEY_UIMainStoryboardFile = Main;
				INFOPLIST_KEY_UISupportedInterfaceOrientations_iPad = "UIInterfaceOrientationPortrait UIInterfaceOrientationPortraitUpsideDown UIInterfaceOrientationLandscapeLeft UIInterfaceOrientationLandscapeRight";
				INFOPLIST_KEY_UISupportedInterfaceOrientations_iPhone = "UIInterfaceOrientationPortrait UIInterfaceOrientationLandscapeLeft UIInterfaceOrientationLandscapeRight";
				IPHONEOS_DEPLOYMENT_TARGET = 13.0;
				LD_RUNPATH_SEARCH_PATHS = (
					"$(inherited)",
					"@executable_path/Frameworks",
				);
				MARKETING_VERSION = 1.0;
				PRODUCT_BUNDLE_IDENTIFIER = "sd.Instagram-basic-display-API";
				PRODUCT_NAME = "$(TARGET_NAME)";
				SWIFT_EMIT_LOC_STRINGS = YES;
				SWIFT_VERSION = 5.0;
				TARGETED_DEVICE_FAMILY = 1;
			};
			name = Debug;
		};
		18CD36CA275516D400DF4CCC /* Release */ = {
			isa = XCBuildConfiguration;
			baseConfigurationReference = FF75A4504EACC09378AF4D2A /* Pods-Instagram basic display API.release.xcconfig */;
			buildSettings = {
				ASSETCATALOG_COMPILER_APPICON_NAME = AppIcon;
				ASSETCATALOG_COMPILER_GLOBAL_ACCENT_COLOR_NAME = AccentColor;
				CODE_SIGN_STYLE = Automatic;
				CURRENT_PROJECT_VERSION = 1;
				DEVELOPMENT_TEAM = RRAQ4U897N;
				GENERATE_INFOPLIST_FILE = YES;
				INFOPLIST_FILE = "Instagram basic display API/Info.plist";
				INFOPLIST_KEY_CFBundleDisplayName = InstAPI;
				INFOPLIST_KEY_UIApplicationSupportsIndirectInputEvents = YES;
				INFOPLIST_KEY_UILaunchStoryboardName = LaunchScreen;
				INFOPLIST_KEY_UIMainStoryboardFile = Main;
				INFOPLIST_KEY_UISupportedInterfaceOrientations_iPad = "UIInterfaceOrientationPortrait UIInterfaceOrientationPortraitUpsideDown UIInterfaceOrientationLandscapeLeft UIInterfaceOrientationLandscapeRight";
				INFOPLIST_KEY_UISupportedInterfaceOrientations_iPhone = "UIInterfaceOrientationPortrait UIInterfaceOrientationLandscapeLeft UIInterfaceOrientationLandscapeRight";
				IPHONEOS_DEPLOYMENT_TARGET = 13.0;
				LD_RUNPATH_SEARCH_PATHS = (
					"$(inherited)",
					"@executable_path/Frameworks",
				);
				MARKETING_VERSION = 1.0;
				PRODUCT_BUNDLE_IDENTIFIER = "sd.Instagram-basic-display-API";
				PRODUCT_NAME = "$(TARGET_NAME)";
				SWIFT_EMIT_LOC_STRINGS = YES;
				SWIFT_VERSION = 5.0;
				TARGETED_DEVICE_FAMILY = 1;
			};
			name = Release;
		};
/* End XCBuildConfiguration section */

/* Begin XCConfigurationList section */
		18CD36AC275516D200DF4CCC /* Build configuration list for PBXProject "Instagram basic display API" */ = {
			isa = XCConfigurationList;
			buildConfigurations = (
				18CD36C6275516D400DF4CCC /* Debug */,
				18CD36C7275516D400DF4CCC /* Release */,
			);
			defaultConfigurationIsVisible = 0;
			defaultConfigurationName = Release;
		};
		18CD36C8275516D400DF4CCC /* Build configuration list for PBXNativeTarget "Instagram basic display API" */ = {
			isa = XCConfigurationList;
			buildConfigurations = (
				18CD36C9275516D400DF4CCC /* Debug */,
				18CD36CA275516D400DF4CCC /* Release */,
			);
			defaultConfigurationIsVisible = 0;
			defaultConfigurationName = Release;
		};
/* End XCConfigurationList section */

/* Begin XCVersionGroup section */
		18CD36BD275516D200DF4CCC /* Instagram_basic_display_API.xcdatamodeld */ = {
			isa = XCVersionGroup;
			children = (
				18CD36BE275516D200DF4CCC /* Instagram_basic_display_API.xcdatamodel */,
			);
			currentVersion = 18CD36BE275516D200DF4CCC /* Instagram_basic_display_API.xcdatamodel */;
			path = Instagram_basic_display_API.xcdatamodeld;
			sourceTree = "<group>";
			versionGroupType = wrapper.xcdatamodel;
		};
/* End XCVersionGroup section */
	};
	rootObject = 18CD36A9275516D200DF4CCC /* Project object */;
}
